
Microsoft Visual Studio Solution File, Format Version 12.00
# Visual Studio 15
VisualStudioVersion = 15.0.27130.2036
MinimumVisualStudioVersion = 10.0.40219.1
Project("{FAE04EC0-301F-11D3-BF4B-00C04F79EFBC}") = "Multas", "Multas\Multas.csproj", "{FBF160EF-50DA-4AE8-BE33-3AF7DFA52567}"
EndProject
Global
	GlobalSection(SolutionConfigurationPlatforms) = preSolution
		Debug|Any CPU = Debug|Any CPU
		Release|Any CPU = Release|Any CPU
	EndGlobalSection
	GlobalSection(ProjectConfigurationPlatforms) = postSolution
		{FBF160EF-50DA-4AE8-BE33-3AF7DFA52567}.Debug|Any CPU.ActiveCfg = Debug|Any CPU
		{FBF160EF-50DA-4AE8-BE33-3AF7DFA52567}.Debug|Any CPU.Build.0 = Debug|Any CPU
		{FBF160EF-50DA-4AE8-BE33-3AF7DFA52567}.Release|Any CPU.ActiveCfg = Release|Any CPU
		{FBF160EF-50DA-4AE8-BE33-3AF7DFA52567}.Release|Any CPU.Build.0 = Release|Any CPU
	EndGlobalSection
	GlobalSection(SolutionProperties) = preSolution
		HideSolutionNode = FALSE
	EndGlobalSection
	GlobalSection(ExtensibilityGlobals) = postSolution
		SolutionGuid = {43231A88-FE2B-4C23-B13E-CD9BD0DD16F2}
	EndGlobalSection
EndGlobal
